
Microsoft Visual Studio Solution File, Format Version 12.00
# Visual Studio Version 17
VisualStudioVersion = 17.4.33103.184
MinimumVisualStudioVersion = 10.0.40219.1
Project("{FAE04EC0-301F-11D3-BF4B-00C04F79EFBC}") = "NbaPlayerDotnet7", "NbaPlayerDotnet7\NbaPlayerDotnet7.csproj", "{C224BB13-F28D-4E20-AC2E-10C2E90522CE}"
EndProject
Global
	GlobalSection(SolutionConfigurationPlatforms) = preSolution
		Debug|Any CPU = Debug|Any CPU
		Release|Any CPU = Release|Any CPU
	EndGlobalSection
	GlobalSection(ProjectConfigurationPlatforms) = postSolution
		{C224BB13-F28D-4E20-AC2E-10C2E90522CE}.Debug|Any CPU.ActiveCfg = Debug|Any CPU
		{C224BB13-F28D-4E20-AC2E-10C2E90522CE}.Debug|Any CPU.Build.0 = Debug|Any CPU
		{C224BB13-F28D-4E20-AC2E-10C2E90522CE}.Release|Any CPU.ActiveCfg = Release|Any CPU
		{C224BB13-F28D-4E20-AC2E-10C2E90522CE}.Release|Any CPU.Build.0 = Release|Any CPU
	EndGlobalSection
	GlobalSection(SolutionProperties) = preSolution
		HideSolutionNode = FALSE
	EndGlobalSection
	GlobalSection(ExtensibilityGlobals) = postSolution
		SolutionGuid = {63215C4C-6974-479D-ABA1-E45C57EDF37C}
	EndGlobalSection
EndGlobal
